
Microsoft Visual Studio Solution File, Format Version 12.00
# Visual Studio Version 16
VisualStudioVersion = 16.0.31624.102
MinimumVisualStudioVersion = 10.0.40219.1
Project("{FAE04EC0-301F-11D3-BF4B-00C04F79EFBC}") = "door", "door\door.csproj", "{932D9AE6-38D4-4A94-AB68-90CE7E3DC26C}"
EndProject
Global
	GlobalSection(SolutionConfigurationPlatforms) = preSolution
		Debug|Any CPU = Debug|Any CPU
		Release|Any CPU = Release|Any CPU
	EndGlobalSection
	GlobalSection(ProjectConfigurationPlatforms) = postSolution
		{932D9AE6-38D4-4A94-AB68-90CE7E3DC26C}.Debug|Any CPU.ActiveCfg = Debug|Any CPU
		{932D9AE6-38D4-4A94-AB68-90CE7E3DC26C}.Debug|Any CPU.Build.0 = Debug|Any CPU
		{932D9AE6-38D4-4A94-AB68-90CE7E3DC26C}.Release|Any CPU.ActiveCfg = Release|Any CPU
		{932D9AE6-38D4-4A94-AB68-90CE7E3DC26C}.Release|Any CPU.Build.0 = Release|Any CPU
	EndGlobalSection
	GlobalSection(SolutionProperties) = preSolution
		HideSolutionNode = FALSE
	EndGlobalSection
	GlobalSection(ExtensibilityGlobals) = postSolution
		SolutionGuid = {AF5D0A82-3F5F-40CA-A115-CE709A26AF3A}
	EndGlobalSection
EndGlobal
